// !$*UTF8*$!
{
	archiveVersion = 1;
	classes = {
	};
	objectVersion = 56;
	objects = {

/* Begin PBXBuildFile section */
		F043EC0A2B21926300898F0D /* ExpensesApp.swift in Sources */ = {isa = PBXBuildFile; fileRef = F043EC092B21926300898F0D /* ExpensesApp.swift */; };
		F043EC0C2B21926300898F0D /* ContentView.swift in Sources */ = {isa = PBXBuildFile; fileRef = F043EC0B2B21926300898F0D /* ContentView.swift */; };
		F043EC0E2B21926500898F0D /* Assets.xcassets in Resources */ = {isa = PBXBuildFile; fileRef = F043EC0D2B21926500898F0D /* Assets.xcassets */; };
		F043EC112B21926500898F0D /* Preview Assets.xcassets in Resources */ = {isa = PBXBuildFile; fileRef = F043EC102B21926500898F0D /* Preview Assets.xcassets */; };
		F043EC1C2B219C4800898F0D /* TransactionModel.swift in Sources */ = {isa = PBXBuildFile; fileRef = F043EC1B2B219C4800898F0D /* TransactionModel.swift */; };
		F043EC1E2B219D6F00898F0D /* PreviewData.swift in Sources */ = {isa = PBXBuildFile; fileRef = F043EC1D2B219D6F00898F0D /* PreviewData.swift */; };
		F043EC212B21A07900898F0D /* TransactionRow.swift in Sources */ = {isa = PBXBuildFile; fileRef = F043EC202B21A07900898F0D /* TransactionRow.swift */; };
		F043EC242B21A37A00898F0D /* SwiftUIFontIcon in Frameworks */ = {isa = PBXBuildFile; productRef = F043EC232B21A37A00898F0D /* SwiftUIFontIcon */; };
		F043EC272B21B3B900898F0D /* TransactionListViewModel.swift in Sources */ = {isa = PBXBuildFile; fileRef = F043EC262B21B3B900898F0D /* TransactionListViewModel.swift */; };
		F043EC2A2B21B45E00898F0D /* TransactionService.swift in Sources */ = {isa = PBXBuildFile; fileRef = F043EC292B21B45E00898F0D /* TransactionService.swift */; };
		F043EC2D2B21BCB900898F0D /* RecentTransactionList.swift in Sources */ = {isa = PBXBuildFile; fileRef = F043EC2C2B21BCB900898F0D /* RecentTransactionList.swift */; };
/* End PBXBuildFile section */

/* Begin PBXFileReference section */
		F043EC062B21926300898F0D /* Expenses.app */ = {isa = PBXFileReference; explicitFileType = wrapper.application; includeInIndex = 0; path = Expenses.app; sourceTree = BUILT_PRODUCTS_DIR; };
		F043EC092B21926300898F0D /* ExpensesApp.swift */ = {isa = PBXFileReference; lastKnownFileType = sourcecode.swift; path = ExpensesApp.swift; sourceTree = "<group>"; };
		F043EC0B2B21926300898F0D /* ContentView.swift */ = {isa = PBXFileReference; lastKnownFileType = sourcecode.swift; path = ContentView.swift; sourceTree = "<group>"; };
		F043EC0D2B21926500898F0D /* Assets.xcassets */ = {isa = PBXFileReference; lastKnownFileType = folder.assetcatalog; path = Assets.xcassets; sourceTree = "<group>"; };
		F043EC102B21926500898F0D /* Preview Assets.xcassets */ = {isa = PBXFileReference; lastKnownFileType = folder.assetcatalog; path = "Preview Assets.xcassets"; sourceTree = "<group>"; };
		F043EC1B2B219C4800898F0D /* TransactionModel.swift */ = {isa = PBXFileReference; lastKnownFileType = sourcecode.swift; path = TransactionModel.swift; sourceTree = "<group>"; };
		F043EC1D2B219D6F00898F0D /* PreviewData.swift */ = {isa = PBXFileReference; lastKnownFileType = sourcecode.swift; path = PreviewData.swift; sourceTree = "<group>"; };
		F043EC202B21A07900898F0D /* TransactionRow.swift */ = {isa = PBXFileReference; lastKnownFileType = sourcecode.swift; path = TransactionRow.swift; sourceTree = "<group>"; };
		F043EC262B21B3B900898F0D /* TransactionListViewModel.swift */ = {isa = PBXFileReference; lastKnownFileType = sourcecode.swift; path = TransactionListViewModel.swift; sourceTree = "<group>"; };
		F043EC292B21B45E00898F0D /* TransactionService.swift */ = {isa = PBXFileReference; lastKnownFileType = sourcecode.swift; path = TransactionService.swift; sourceTree = "<group>"; };
		F043EC2B2B21BBD900898F0D /* Info.plist */ = {isa = PBXFileReference; lastKnownFileType = text.plist; path = Info.plist; sourceTree = "<group>"; };
		F043EC2C2B21BCB900898F0D /* RecentTransactionList.swift */ = {isa = PBXFileReference; lastKnownFileType = sourcecode.swift; path = RecentTransactionList.swift; sourceTree = "<group>"; };
/* End PBXFileReference section */

/* Begin PBXFrameworksBuildPhase section */
		F043EC032B21926300898F0D /* Frameworks */ = {
			isa = PBXFrameworksBuildPhase;
			buildActionMask = 2147483647;
			files = (
				F043EC242B21A37A00898F0D /* SwiftUIFontIcon in Frameworks */,
			);
			runOnlyForDeploymentPostprocessing = 0;
		};
/* End PBXFrameworksBuildPhase section */

/* Begin PBXGroup section */
		F043EBFD2B21926300898F0D = {
			isa = PBXGroup;
			children = (
				F043EC082B21926300898F0D /* Expenses */,
				F043EC072B21926300898F0D /* Products */,
			);
			sourceTree = "<group>";
		};
		F043EC072B21926300898F0D /* Products */ = {
			isa = PBXGroup;
			children = (
				F043EC062B21926300898F0D /* Expenses.app */,
			);
			name = Products;
			sourceTree = "<group>";
		};
		F043EC082B21926300898F0D /* Expenses */ = {
			isa = PBXGroup;
			children = (
				F043EC2B2B21BBD900898F0D /* Info.plist */,
				F043EC092B21926300898F0D /* ExpensesApp.swift */,
				F043EC0D2B21926500898F0D /* Assets.xcassets */,
				F043EC1F2B219F0F00898F0D /* Views */,
				F043EC1A2B219C3D00898F0D /* Models */,
				F043EC252B21B3A400898F0D /* ViewModels */,
				F043EC282B21B44300898F0D /* Service */,
				F043EC172B2195BD00898F0D /* Extensions */,
				F043EC0F2B21926500898F0D /* Preview Content */,
			);
			path = Expenses;
			sourceTree = "<group>";
		};
		F043EC0F2B21926500898F0D /* Preview Content */ = {
			isa = PBXGroup;
			children = (
				F043EC102B21926500898F0D /* Preview Assets.xcassets */,
				F043EC1D2B219D6F00898F0D /* PreviewData.swift */,
			);
			path = "Preview Content";
			sourceTree = "<group>";
		};
		F043EC172B2195BD00898F0D /* Extensions */ = {
			isa = PBXGroup;
			children = (
			);
			path = Extensions;
			sourceTree = "<group>";
		};
		F043EC1A2B219C3D00898F0D /* Models */ = {
			isa = PBXGroup;
			children = (
				F043EC1B2B219C4800898F0D /* TransactionModel.swift */,
			);
			path = Models;
			sourceTree = "<group>";
		};
		F043EC1F2B219F0F00898F0D /* Views */ = {
			isa = PBXGroup;
			children = (
				F043EC0B2B21926300898F0D /* ContentView.swift */,
				F043EC202B21A07900898F0D /* TransactionRow.swift */,
				F043EC2C2B21BCB900898F0D /* RecentTransactionList.swift */,
			);
			path = Views;
			sourceTree = "<group>";
		};
		F043EC252B21B3A400898F0D /* ViewModels */ = {
			isa = PBXGroup;
			children = (
				F043EC262B21B3B900898F0D /* TransactionListViewModel.swift */,
			);
			path = ViewModels;
			sourceTree = "<group>";
		};
		F043EC282B21B44300898F0D /* Service */ = {
			isa = PBXGroup;
			children = (
				F043EC292B21B45E00898F0D /* TransactionService.swift */,
			);
			path = Service;
			sourceTree = "<group>";
		};
/* End PBXGroup section */

/* Begin PBXNativeTarget section */
		F043EC052B21926300898F0D /* Expenses */ = {
			isa = PBXNativeTarget;
			buildConfigurationList = F043EC142B21926500898F0D /* Build configuration list for PBXNativeTarget "Expenses" */;
			buildPhases = (
				F043EC022B21926300898F0D /* Sources */,
				F043EC032B21926300898F0D /* Frameworks */,
				F043EC042B21926300898F0D /* Resources */,
			);
			buildRules = (
			);
			dependencies = (
			);
			name = Expenses;
			packageProductDependencies = (
				F043EC232B21A37A00898F0D /* SwiftUIFontIcon */,
			);
			productName = Expenses;
			productReference = F043EC062B21926300898F0D /* Expenses.app */;
			productType = "com.apple.product-type.application";
		};
/* End PBXNativeTarget section */

/* Begin PBXProject section */
		F043EBFE2B21926300898F0D /* Project object */ = {
			isa = PBXProject;
			attributes = {
				BuildIndependentTargetsInParallel = 1;
				LastSwiftUpdateCheck = 1500;
				LastUpgradeCheck = 1500;
				TargetAttributes = {
					F043EC052B21926300898F0D = {
						CreatedOnToolsVersion = 15.0;
					};
				};
			};
			buildConfigurationList = F043EC012B21926300898F0D /* Build configuration list for PBXProject "Expenses" */;
			compatibilityVersion = "Xcode 14.0";
			developmentRegion = en;
			hasScannedForEncodings = 0;
			knownRegions = (
				en,
				Base,
			);
			mainGroup = F043EBFD2B21926300898F0D;
			packageReferences = (
				F043EC222B21A37A00898F0D /* XCRemoteSwiftPackageReference "SwiftUIFontIcon" */,
			);
			productRefGroup = F043EC072B21926300898F0D /* Products */;
			projectDirPath = "";
			projectRoot = "";
			targets = (
				F043EC052B21926300898F0D /* Expenses */,
			);
		};
/* End PBXProject section */

/* Begin PBXResourcesBuildPhase section */
		F043EC042B21926300898F0D /* Resources */ = {
			isa = PBXResourcesBuildPhase;
			buildActionMask = 2147483647;
			files = (
				F043EC112B21926500898F0D /* Preview Assets.xcassets in Resources */,
				F043EC0E2B21926500898F0D /* Assets.xcassets in Resources */,
			);
			runOnlyForDeploymentPostprocessing = 0;
		};
/* End PBXResourcesBuildPhase section */

/* Begin PBXSourcesBuildPhase section */
		F043EC022B21926300898F0D /* Sources */ = {
			isa = PBXSourcesBuildPhase;
			buildActionMask = 2147483647;
			files = (
				F043EC212B21A07900898F0D /* TransactionRow.swift in Sources */,
				F043EC2D2B21BCB900898F0D /* RecentTransactionList.swift in Sources */,
				F043EC272B21B3B900898F0D /* TransactionListViewModel.swift in Sources */,
				F043EC2A2B21B45E00898F0D /* TransactionService.swift in Sources */,
				F043EC1E2B219D6F00898F0D /* PreviewData.swift in Sources */,
				F043EC1C2B219C4800898F0D /* TransactionModel.swift in Sources */,
				F043EC0C2B21926300898F0D /* ContentView.swift in Sources */,
				F043EC0A2B21926300898F0D /* ExpensesApp.swift in Sources */,
			);
			runOnlyForDeploymentPostprocessing = 0;
		};
/* End PBXSourcesBuildPhase section */

/* Begin XCBuildConfiguration section */
		F043EC122B21926500898F0D /* Debug */ = {
			isa = XCBuildConfiguration;
			buildSettings = {
				ALWAYS_SEARCH_USER_PATHS = NO;
				ASSETCATALOG_COMPILER_GENERATE_SWIFT_ASSET_SYMBOL_EXTENSIONS = YES;
				CLANG_ANALYZER_NONNULL = YES;
				CLANG_ANALYZER_NUMBER_OBJECT_CONVERSION = YES_AGGRESSIVE;
				CLANG_CXX_LANGUAGE_STANDARD = "gnu++20";
				CLANG_ENABLE_MODULES = YES;
				CLANG_ENABLE_OBJC_ARC = YES;
				CLANG_ENABLE_OBJC_WEAK = YES;
				CLANG_WARN_BLOCK_CAPTURE_AUTORELEASING = YES;
				CLANG_WARN_BOOL_CONVERSION = YES;
				CLANG_WARN_COMMA = YES;
				CLANG_WARN_CONSTANT_CONVERSION = YES;
				CLANG_WARN_DEPRECATED_OBJC_IMPLEMENTATIONS = YES;
				CLANG_WARN_DIRECT_OBJC_ISA_USAGE = YES_ERROR;
				CLANG_WARN_DOCUMENTATION_COMMENTS = YES;
				CLANG_WARN_EMPTY_BODY = YES;
				CLANG_WARN_ENUM_CONVERSION = YES;
				CLANG_WARN_INFINITE_RECURSION = YES;
				CLANG_WARN_INT_CONVERSION = YES;
				CLANG_WARN_NON_LITERAL_NULL_CONVERSION = YES;
				CLANG_WARN_OBJC_IMPLICIT_RETAIN_SELF = YES;
				CLANG_WARN_OBJC_LITERAL_CONVERSION = YES;
				CLANG_WARN_OBJC_ROOT_CLASS = YES_ERROR;
				CLANG_WARN_QUOTED_INCLUDE_IN_FRAMEWORK_HEADER = YES;
				CLANG_WARN_RANGE_LOOP_ANALYSIS = YES;
				CLANG_WARN_STRICT_PROTOTYPES = YES;
				CLANG_WARN_SUSPICIOUS_MOVE = YES;
				CLANG_WARN_UNGUARDED_AVAILABILITY = YES_AGGRESSIVE;
				CLANG_WARN_UNREACHABLE_CODE = YES;
				CLANG_WARN__DUPLICATE_METHOD_MATCH = YES;
				COPY_PHASE_STRIP = NO;
				DEBUG_INFORMATION_FORMAT = dwarf;
				ENABLE_STRICT_OBJC_MSGSEND = YES;
				ENABLE_TESTABILITY = YES;
				ENABLE_USER_SCRIPT_SANDBOXING = YES;
				GCC_C_LANGUAGE_STANDARD = gnu17;
				GCC_DYNAMIC_NO_PIC = NO;
				GCC_NO_COMMON_BLOCKS = YES;
				GCC_OPTIMIZATION_LEVEL = 0;
				GCC_PREPROCESSOR_DEFINITIONS = (
					"DEBUG=1",
					"$(inherited)",
				);
				GCC_WARN_64_TO_32_BIT_CONVERSION = YES;
				GCC_WARN_ABOUT_RETURN_TYPE = YES_ERROR;
				GCC_WARN_UNDECLARED_SELECTOR = YES;
				GCC_WARN_UNINITIALIZED_AUTOS = YES_AGGRESSIVE;
				GCC_WARN_UNUSED_FUNCTION = YES;
				GCC_WARN_UNUSED_VARIABLE = YES;
				IPHONEOS_DEPLOYMENT_TARGET = 17.0;
				LOCALIZATION_PREFERS_STRING_CATALOGS = YES;
				MTL_ENABLE_DEBUG_INFO = INCLUDE_SOURCE;
				MTL_FAST_MATH = YES;
				ONLY_ACTIVE_ARCH = YES;
				SDKROOT = iphoneos;
				SWIFT_ACTIVE_COMPILATION_CONDITIONS = "DEBUG $(inherited)";
				SWIFT_OPTIMIZATION_LEVEL = "-Onone";
			};
			name = Debug;
		};
		F043EC132B21926500898F0D /* Release */ = {
			isa = XCBuildConfiguration;
			buildSettings = {
				ALWAYS_SEARCH_USER_PATHS = NO;
				ASSETCATALOG_COMPILER_GENERATE_SWIFT_ASSET_SYMBOL_EXTENSIONS = YES;
				CLANG_ANALYZER_NONNULL = YES;
				CLANG_ANALYZER_NUMBER_OBJECT_CONVERSION = YES_AGGRESSIVE;
				CLANG_CXX_LANGUAGE_STANDARD = "gnu++20";
				CLANG_ENABLE_MODULES = YES;
				CLANG_ENABLE_OBJC_ARC = YES;
				CLANG_ENABLE_OBJC_WEAK = YES;
				CLANG_WARN_BLOCK_CAPTURE_AUTORELEASING = YES;
				CLANG_WARN_BOOL_CONVERSION = YES;
				CLANG_WARN_COMMA = YES;
				CLANG_WARN_CONSTANT_CONVERSION = YES;
				CLANG_WARN_DEPRECATED_OBJC_IMPLEMENTATIONS = YES;
				CLANG_WARN_DIRECT_OBJC_ISA_USAGE = YES_ERROR;
				CLANG_WARN_DOCUMENTATION_COMMENTS = YES;
				CLANG_WARN_EMPTY_BODY = YES;
				CLANG_WARN_ENUM_CONVERSION = YES;
				CLANG_WARN_INFINITE_RECURSION = YES;
				CLANG_WARN_INT_CONVERSION = YES;
				CLANG_WARN_NON_LITERAL_NULL_CONVERSION = YES;
				CLANG_WARN_OBJC_IMPLICIT_RETAIN_SELF = YES;
				CLANG_WARN_OBJC_LITERAL_CONVERSION = YES;
				CLANG_WARN_OBJC_ROOT_CLASS = YES_ERROR;
				CLANG_WARN_QUOTED_INCLUDE_IN_FRAMEWORK_HEADER = YES;
				CLANG_WARN_RANGE_LOOP_ANALYSIS = YES;
				CLANG_WARN_STRICT_PROTOTYPES = YES;
				CLANG_WARN_SUSPICIOUS_MOVE = YES;
				CLANG_WARN_UNGUARDED_AVAILABILITY = YES_AGGRESSIVE;
				CLANG_WARN_UNREACHABLE_CODE = YES;
				CLANG_WARN__DUPLICATE_METHOD_MATCH = YES;
				COPY_PHASE_STRIP = NO;
				DEBUG_INFORMATION_FORMAT = "dwarf-with-dsym";
				ENABLE_NS_ASSERTIONS = NO;
				ENABLE_STRICT_OBJC_MSGSEND = YES;
				ENABLE_USER_SCRIPT_SANDBOXING = YES;
				GCC_C_LANGUAGE_STANDARD = gnu17;
				GCC_NO_COMMON_BLOCKS = YES;
				GCC_WARN_64_TO_32_BIT_CONVERSION = YES;
				GCC_WARN_ABOUT_RETURN_TYPE = YES_ERROR;
				GCC_WARN_UNDECLARED_SELECTOR = YES;
				GCC_WARN_UNINITIALIZED_AUTOS = YES_AGGRESSIVE;
				GCC_WARN_UNUSED_FUNCTION = YES;
				GCC_WARN_UNUSED_VARIABLE = YES;
				IPHONEOS_DEPLOYMENT_TARGET = 17.0;
				LOCALIZATION_PREFERS_STRING_CATALOGS = YES;
				MTL_ENABLE_DEBUG_INFO = NO;
				MTL_FAST_MATH = YES;
				SDKROOT = iphoneos;
				SWIFT_COMPILATION_MODE = wholemodule;
				VALIDATE_PRODUCT = YES;
			};
			name = Release;
		};
		F043EC152B21926500898F0D /* Debug */ = {
			isa = XCBuildConfiguration;
			buildSettings = {
				ASSETCATALOG_COMPILER_APPICON_NAME = AppIcon;
				ASSETCATALOG_COMPILER_GLOBAL_ACCENT_COLOR_NAME = AccentColor;
				CODE_SIGN_STYLE = Automatic;
				CURRENT_PROJECT_VERSION = 1;
				DEVELOPMENT_ASSET_PATHS = "\"Expenses/Preview Content\"";
				DEVELOPMENT_TEAM = ST4BHPXJQC;
				ENABLE_PREVIEWS = YES;
				GENERATE_INFOPLIST_FILE = YES;
				INFOPLIST_FILE = Expenses/Info.plist;
				INFOPLIST_KEY_UIApplicationSceneManifest_Generation = YES;
				INFOPLIST_KEY_UIApplicationSupportsIndirectInputEvents = YES;
				INFOPLIST_KEY_UILaunchScreen_Generation = YES;
				INFOPLIST_KEY_UISupportedInterfaceOrientations_iPad = "UIInterfaceOrientationPortrait UIInterfaceOrientationPortraitUpsideDown UIInterfaceOrientationLandscapeLeft UIInterfaceOrientationLandscapeRight";
				INFOPLIST_KEY_UISupportedInterfaceOrientations_iPhone = "UIInterfaceOrientationPortrait UIInterfaceOrientationLandscapeLeft UIInterfaceOrientationLandscapeRight";
				LD_RUNPATH_SEARCH_PATHS = (
					"$(inherited)",
					"@executable_path/Frameworks",
				);
				MARKETING_VERSION = 1.0;
				PRODUCT_BUNDLE_IDENTIFIER = "-.Expenses";
				PRODUCT_NAME = "$(TARGET_NAME)";
				SWIFT_EMIT_LOC_STRINGS = YES;
				SWIFT_VERSION = 5.0;
				TARGETED_DEVICE_FAMILY = "1,2";
			};
			name = Debug;
		};
		F043EC162B21926500898F0D /* Release */ = {
			isa = XCBuildConfiguration;
			buildSettings = {
				ASSETCATALOG_COMPILER_APPICON_NAME = AppIcon;
				ASSETCATALOG_COMPILER_GLOBAL_ACCENT_COLOR_NAME = AccentColor;
				CODE_SIGN_STYLE = Automatic;
				CURRENT_PROJECT_VERSION = 1;
				DEVELOPMENT_ASSET_PATHS = "\"Expenses/Preview Content\"";
				DEVELOPMENT_TEAM = ST4BHPXJQC;
				ENABLE_PREVIEWS = YES;
				GENERATE_INFOPLIST_FILE = YES;
				INFOPLIST_FILE = Expenses/Info.plist;
				INFOPLIST_KEY_UIApplicationSceneManifest_Generation = YES;
				INFOPLIST_KEY_UIApplicationSupportsIndirectInputEvents = YES;
				INFOPLIST_KEY_UILaunchScreen_Generation = YES;
				INFOPLIST_KEY_UISupportedInterfaceOrientations_iPad = "UIInterfaceOrientationPortrait UIInterfaceOrientationPortraitUpsideDown UIInterfaceOrientationLandscapeLeft UIInterfaceOrientationLandscapeRight";
				INFOPLIST_KEY_UISupportedInterfaceOrientations_iPhone = "UIInterfaceOrientationPortrait UIInterfaceOrientationLandscapeLeft UIInterfaceOrientationLandscapeRight";
				LD_RUNPATH_SEARCH_PATHS = (
					"$(inherited)",
					"@executable_path/Frameworks",
				);
				MARKETING_VERSION = 1.0;
				PRODUCT_BUNDLE_IDENTIFIER = "-.Expenses";
				PRODUCT_NAME = "$(TARGET_NAME)";
				SWIFT_EMIT_LOC_STRINGS = YES;
				SWIFT_VERSION = 5.0;
				TARGETED_DEVICE_FAMILY = "1,2";
			};
			name = Release;
		};
/* End XCBuildConfiguration section */

/* Begin XCConfigurationList section */
		F043EC012B21926300898F0D /* Build configuration list for PBXProject "Expenses" */ = {
			isa = XCConfigurationList;
			buildConfigurations = (
				F043EC122B21926500898F0D /* Debug */,
				F043EC132B21926500898F0D /* Release */,
			);
			defaultConfigurationIsVisible = 0;
			defaultConfigurationName = Release;
		};
		F043EC142B21926500898F0D /* Build configuration list for PBXNativeTarget "Expenses" */ = {
			isa = XCConfigurationList;
			buildConfigurations = (
				F043EC152B21926500898F0D /* Debug */,
				F043EC162B21926500898F0D /* Release */,
			);
			defaultConfigurationIsVisible = 0;
			defaultConfigurationName = Release;
		};
/* End XCConfigurationList section */

/* Begin XCRemoteSwiftPackageReference section */
		F043EC222B21A37A00898F0D /* XCRemoteSwiftPackageReference "SwiftUIFontIcon" */ = {
			isa = XCRemoteSwiftPackageReference;
			repositoryURL = "https://github.com/huybuidac/SwiftUIFontIcon";
			requirement = {
				kind = upToNextMajorVersion;
				minimumVersion = 2.1.0;
			};
		};
/* End XCRemoteSwiftPackageReference section */

/* Begin XCSwiftPackageProductDependency section */
		F043EC232B21A37A00898F0D /* SwiftUIFontIcon */ = {
			isa = XCSwiftPackageProductDependency;
			package = F043EC222B21A37A00898F0D /* XCRemoteSwiftPackageReference "SwiftUIFontIcon" */;
			productName = SwiftUIFontIcon;
		};
/* End XCSwiftPackageProductDependency section */
	};
	rootObject = F043EBFE2B21926300898F0D /* Project object */;
}
